// !$*UTF8*$!
{
	archiveVersion = 1;
	classes = {
	};
	objectVersion = 50;
	objects = {

/* Begin PBXBuildFile section */
		2A5B291126F3C2050085C7D4 /* G.wav in Resources */ = {isa = PBXBuildFile; fileRef = 2A5B290A26F3C2050085C7D4 /* G.wav */; };
		2A5B291226F3C2050085C7D4 /* D.wav in Resources */ = {isa = PBXBuildFile; fileRef = 2A5B290B26F3C2050085C7D4 /* D.wav */; };
		2A5B291326F3C2050085C7D4 /* H.wav in Resources */ = {isa = PBXBuildFile; fileRef = 2A5B290C26F3C2050085C7D4 /* H.wav */; };
		2A5B291426F3C2050085C7D4 /* E.wav in Resources */ = {isa = PBXBuildFile; fileRef = 2A5B290D26F3C2050085C7D4 /* E.wav */; };
		2A5B291526F3C2050085C7D4 /* A.wav in Resources */ = {isa = PBXBuildFile; fileRef = 2A5B290E26F3C2050085C7D4 /* A.wav */; };
		2A5B291626F3C2050085C7D4 /* F.wav in Resources */ = {isa = PBXBuildFile; fileRef = 2A5B290F26F3C2050085C7D4 /* F.wav */; };
		2A5B291726F3C2050085C7D4 /* C.wav in Resources */ = {isa = PBXBuildFile; fileRef = 2A5B291026F3C2050085C7D4 /* C.wav */; };
		2A5B291926F3C5B40085C7D4 /* MusicQuestion.swift in Sources */ = {isa = PBXBuildFile; fileRef = 2A5B291826F3C5B40085C7D4 /* MusicQuestion.swift */; };
		68A5511826F155EF007E69DE /* AppDelegate.swift in Sources */ = {isa = PBXBuildFile; fileRef = 68A5511726F155EF007E69DE /* AppDelegate.swift */; };
		68A5511A26F155EF007E69DE /* SceneDelegate.swift in Sources */ = {isa = PBXBuildFile; fileRef = 68A5511926F155EF007E69DE /* SceneDelegate.swift */; };
		68A5511C26F155EF007E69DE /* StartViewController.swift in Sources */ = {isa = PBXBuildFile; fileRef = 68A5511B26F155EF007E69DE /* StartViewController.swift */; };
		68A5511F26F155EF007E69DE /* Main.storyboard in Resources */ = {isa = PBXBuildFile; fileRef = 68A5511D26F155EF007E69DE /* Main.storyboard */; };
		68A5512126F155F3007E69DE /* Assets.xcassets in Resources */ = {isa = PBXBuildFile; fileRef = 68A5512026F155F3007E69DE /* Assets.xcassets */; };
		68A5512426F155F3007E69DE /* LaunchScreen.storyboard in Resources */ = {isa = PBXBuildFile; fileRef = 68A5512226F155F3007E69DE /* LaunchScreen.storyboard */; };
		68A5512C26F15AE9007E69DE /* DescriptionViewController.swift in Sources */ = {isa = PBXBuildFile; fileRef = 68A5512B26F15AE9007E69DE /* DescriptionViewController.swift */; };
		68D94DA326F2781C00BB1E5F /* QuestionViewController.swift in Sources */ = {isa = PBXBuildFile; fileRef = 68D94DA226F2781C00BB1E5F /* QuestionViewController.swift */; };
		68D94DA526F286DC00BB1E5F /* ResultViewController.swift in Sources */ = {isa = PBXBuildFile; fileRef = 68D94DA426F286DC00BB1E5F /* ResultViewController.swift */; };
/* End PBXBuildFile section */

/* Begin PBXFileReference section */
		2A5B290A26F3C2050085C7D4 /* G.wav */ = {isa = PBXFileReference; lastKnownFileType = audio.wav; path = G.wav; sourceTree = "<group>"; };
		2A5B290B26F3C2050085C7D4 /* D.wav */ = {isa = PBXFileReference; lastKnownFileType = audio.wav; path = D.wav; sourceTree = "<group>"; };
		2A5B290C26F3C2050085C7D4 /* H.wav */ = {isa = PBXFileReference; lastKnownFileType = audio.wav; path = H.wav; sourceTree = "<group>"; };
		2A5B290D26F3C2050085C7D4 /* E.wav */ = {isa = PBXFileReference; lastKnownFileType = audio.wav; path = E.wav; sourceTree = "<group>"; };
		2A5B290E26F3C2050085C7D4 /* A.wav */ = {isa = PBXFileReference; lastKnownFileType = audio.wav; path = A.wav; sourceTree = "<group>"; };
		2A5B290F26F3C2050085C7D4 /* F.wav */ = {isa = PBXFileReference; lastKnownFileType = audio.wav; path = F.wav; sourceTree = "<group>"; };
		2A5B291026F3C2050085C7D4 /* C.wav */ = {isa = PBXFileReference; lastKnownFileType = audio.wav; path = C.wav; sourceTree = "<group>"; };
		2A5B291826F3C5B40085C7D4 /* MusicQuestion.swift */ = {isa = PBXFileReference; fileEncoding = 4; lastKnownFileType = sourcecode.swift; path = MusicQuestion.swift; sourceTree = "<group>"; };
		68A5511426F155EF007E69DE /* GuessMusicalNote.app */ = {isa = PBXFileReference; explicitFileType = wrapper.application; includeInIndex = 0; path = GuessMusicalNote.app; sourceTree = BUILT_PRODUCTS_DIR; };
		68A5511726F155EF007E69DE /* AppDelegate.swift */ = {isa = PBXFileReference; lastKnownFileType = sourcecode.swift; path = AppDelegate.swift; sourceTree = "<group>"; };
		68A5511926F155EF007E69DE /* SceneDelegate.swift */ = {isa = PBXFileReference; lastKnownFileType = sourcecode.swift; path = SceneDelegate.swift; sourceTree = "<group>"; };
		68A5511B26F155EF007E69DE /* StartViewController.swift */ = {isa = PBXFileReference; lastKnownFileType = sourcecode.swift; path = StartViewController.swift; sourceTree = "<group>"; };
		68A5511E26F155EF007E69DE /* Base */ = {isa = PBXFileReference; lastKnownFileType = file.storyboard; name = Base; path = Base.lproj/Main.storyboard; sourceTree = "<group>"; };
		68A5512026F155F3007E69DE /* Assets.xcassets */ = {isa = PBXFileReference; lastKnownFileType = folder.assetcatalog; path = Assets.xcassets; sourceTree = "<group>"; };
		68A5512326F155F3007E69DE /* Base */ = {isa = PBXFileReference; lastKnownFileType = file.storyboard; name = Base; path = Base.lproj/LaunchScreen.storyboard; sourceTree = "<group>"; };
		68A5512526F155F3007E69DE /* Info.plist */ = {isa = PBXFileReference; lastKnownFileType = text.plist.xml; path = Info.plist; sourceTree = "<group>"; };
		68A5512B26F15AE9007E69DE /* DescriptionViewController.swift */ = {isa = PBXFileReference; lastKnownFileType = sourcecode.swift; path = DescriptionViewController.swift; sourceTree = "<group>"; };
		68D94DA226F2781C00BB1E5F /* QuestionViewController.swift */ = {isa = PBXFileReference; lastKnownFileType = sourcecode.swift; path = QuestionViewController.swift; sourceTree = "<group>"; };
		68D94DA426F286DC00BB1E5F /* ResultViewController.swift */ = {isa = PBXFileReference; lastKnownFileType = sourcecode.swift; path = ResultViewController.swift; sourceTree = "<group>"; };
/* End PBXFileReference section */

/* Begin PBXFrameworksBuildPhase section */
		68A5511126F155EF007E69DE /* Frameworks */ = {
			isa = PBXFrameworksBuildPhase;
			buildActionMask = 2147483647;
			files = (
			);
			runOnlyForDeploymentPostprocessing = 0;
		};
/* End PBXFrameworksBuildPhase section */

/* Begin PBXGroup section */
		2A5B290926F3C2050085C7D4 /* Sounds */ = {
			isa = PBXGroup;
			children = (
				2A5B290A26F3C2050085C7D4 /* G.wav */,
				2A5B290B26F3C2050085C7D4 /* D.wav */,
				2A5B290C26F3C2050085C7D4 /* H.wav */,
				2A5B290D26F3C2050085C7D4 /* E.wav */,
				2A5B290E26F3C2050085C7D4 /* A.wav */,
				2A5B290F26F3C2050085C7D4 /* F.wav */,
				2A5B291026F3C2050085C7D4 /* C.wav */,
			);
			path = Sounds;
			sourceTree = "<group>";
		};
		2A5B291A26F3CD260085C7D4 /* Storyboards */ = {
			isa = PBXGroup;
			children = (
				68A5511D26F155EF007E69DE /* Main.storyboard */,
				68A5512226F155F3007E69DE /* LaunchScreen.storyboard */,
			);
			path = Storyboards;
			sourceTree = "<group>";
		};
		2A5B291B26F3CD3C0085C7D4 /* App */ = {
			isa = PBXGroup;
			children = (
				68A5511726F155EF007E69DE /* AppDelegate.swift */,
				68A5511926F155EF007E69DE /* SceneDelegate.swift */,
				68A5512026F155F3007E69DE /* Assets.xcassets */,
				68A5512526F155F3007E69DE /* Info.plist */,
				2A5B290926F3C2050085C7D4 /* Sounds */,
			);
			path = App;
			sourceTree = "<group>";
		};
		2A5B291C26F3CD500085C7D4 /* Model */ = {
			isa = PBXGroup;
			children = (
				2A5B291826F3C5B40085C7D4 /* MusicQuestion.swift */,
			);
			path = Model;
			sourceTree = "<group>";
		};
		2A5B291D26F3CD5D0085C7D4 /* ViewControllers */ = {
			isa = PBXGroup;
			children = (
				68A5511B26F155EF007E69DE /* StartViewController.swift */,
				68A5512B26F15AE9007E69DE /* DescriptionViewController.swift */,
				68D94DA226F2781C00BB1E5F /* QuestionViewController.swift */,
				68D94DA426F286DC00BB1E5F /* ResultViewController.swift */,
			);
			path = ViewControllers;
			sourceTree = "<group>";
		};
		68A5510B26F155EF007E69DE = {
			isa = PBXGroup;
			children = (
				68A5511626F155EF007E69DE /* GuessMusicalNote */,
				68A5511526F155EF007E69DE /* Products */,
			);
			sourceTree = "<group>";
		};
		68A5511526F155EF007E69DE /* Products */ = {
			isa = PBXGroup;
			children = (
				68A5511426F155EF007E69DE /* GuessMusicalNote.app */,
			);
			name = Products;
			sourceTree = "<group>";
		};
		68A5511626F155EF007E69DE /* GuessMusicalNote */ = {
			isa = PBXGroup;
			children = (
				2A5B291D26F3CD5D0085C7D4 /* ViewControllers */,
				2A5B291A26F3CD260085C7D4 /* Storyboards */,
				2A5B291C26F3CD500085C7D4 /* Model */,
				2A5B291B26F3CD3C0085C7D4 /* App */,
			);
			path = GuessMusicalNote;
			sourceTree = "<group>";
		};
/* End PBXGroup section */

/* Begin PBXNativeTarget section */
		68A5511326F155EF007E69DE /* GuessMusicalNote */ = {
			isa = PBXNativeTarget;
			buildConfigurationList = 68A5512826F155F3007E69DE /* Build configuration list for PBXNativeTarget "GuessMusicalNote" */;
			buildPhases = (
				68A5511026F155EF007E69DE /* Sources */,
				68A5511126F155EF007E69DE /* Frameworks */,
				68A5511226F155EF007E69DE /* Resources */,
			);
			buildRules = (
			);
			dependencies = (
			);
			name = GuessMusicalNote;
			productName = GuessMusicalNote;
			productReference = 68A5511426F155EF007E69DE /* GuessMusicalNote.app */;
			productType = "com.apple.product-type.application";
		};
/* End PBXNativeTarget section */

/* Begin PBXProject section */
		68A5510C26F155EF007E69DE /* Project object */ = {
			isa = PBXProject;
			attributes = {
				LastSwiftUpdateCheck = 1250;
				LastUpgradeCheck = 1250;
				TargetAttributes = {
					68A5511326F155EF007E69DE = {
						CreatedOnToolsVersion = 12.5;
					};
				};
			};
			buildConfigurationList = 68A5510F26F155EF007E69DE /* Build configuration list for PBXProject "GuessMusicalNote" */;
			compatibilityVersion = "Xcode 9.3";
			developmentRegion = en;
			hasScannedForEncodings = 0;
			knownRegions = (
				en,
				Base,
			);
			mainGroup = 68A5510B26F155EF007E69DE;
			productRefGroup = 68A5511526F155EF007E69DE /* Products */;
			projectDirPath = "";
			projectRoot = "";
			targets = (
				68A5511326F155EF007E69DE /* GuessMusicalNote */,
			);
		};
/* End PBXProject section */

/* Begin PBXResourcesBuildPhase section */
		68A5511226F155EF007E69DE /* Resources */ = {
			isa = PBXResourcesBuildPhase;
			buildActionMask = 2147483647;
			files = (
				2A5B291226F3C2050085C7D4 /* D.wav in Resources */,
				68A5512426F155F3007E69DE /* LaunchScreen.storyboard in Resources */,
				2A5B291126F3C2050085C7D4 /* G.wav in Resources */,
				2A5B291426F3C2050085C7D4 /* E.wav in Resources */,
				2A5B291626F3C2050085C7D4 /* F.wav in Resources */,
				2A5B291726F3C2050085C7D4 /* C.wav in Resources */,
				68A5512126F155F3007E69DE /* Assets.xcassets in Resources */,
				2A5B291526F3C2050085C7D4 /* A.wav in Resources */,
				68A5511F26F155EF007E69DE /* Main.storyboard in Resources */,
				2A5B291326F3C2050085C7D4 /* H.wav in Resources */,
			);
			runOnlyForDeploymentPostprocessing = 0;
		};
/* End PBXResourcesBuildPhase section */

/* Begin PBXSourcesBuildPhase section */
		68A5511026F155EF007E69DE /* Sources */ = {
			isa = PBXSourcesBuildPhase;
			buildActionMask = 2147483647;
			files = (
				68A5511C26F155EF007E69DE /* StartViewController.swift in Sources */,
				68D94DA326F2781C00BB1E5F /* QuestionViewController.swift in Sources */,
				68A5512C26F15AE9007E69DE /* DescriptionViewController.swift in Sources */,
				68A5511826F155EF007E69DE /* AppDelegate.swift in Sources */,
				2A5B291926F3C5B40085C7D4 /* MusicQuestion.swift in Sources */,
				68A5511A26F155EF007E69DE /* SceneDelegate.swift in Sources */,
				68D94DA526F286DC00BB1E5F /* ResultViewController.swift in Sources */,
			);
			runOnlyForDeploymentPostprocessing = 0;
		};
/* End PBXSourcesBuildPhase section */

/* Begin PBXVariantGroup section */
		68A5511D26F155EF007E69DE /* Main.storyboard */ = {
			isa = PBXVariantGroup;
			children = (
				68A5511E26F155EF007E69DE /* Base */,
			);
			name = Main.storyboard;
			sourceTree = "<group>";
		};
		68A5512226F155F3007E69DE /* LaunchScreen.storyboard */ = {
			isa = PBXVariantGroup;
			children = (
				68A5512326F155F3007E69DE /* Base */,
			);
			name = LaunchScreen.storyboard;
			sourceTree = "<group>";
		};
/* End PBXVariantGroup section */

/* Begin XCBuildConfiguration section */
		68A5512626F155F3007E69DE /* Debug */ = {
			isa = XCBuildConfiguration;
			buildSettings = {
				ALWAYS_SEARCH_USER_PATHS = NO;
				CLANG_ANALYZER_NONNULL = YES;
				CLANG_ANALYZER_NUMBER_OBJECT_CONVERSION = YES_AGGRESSIVE;
				CLANG_CXX_LANGUAGE_STANDARD = "gnu++14";
				CLANG_CXX_LIBRARY = "libc++";
				CLANG_ENABLE_MODULES = YES;
				CLANG_ENABLE_OBJC_ARC = YES;
				CLANG_ENABLE_OBJC_WEAK = YES;
				CLANG_WARN_BLOCK_CAPTURE_AUTORELEASING = YES;
				CLANG_WARN_BOOL_CONVERSION = YES;
				CLANG_WARN_COMMA = YES;
				CLANG_WARN_CONSTANT_CONVERSION = YES;
				CLANG_WARN_DEPRECATED_OBJC_IMPLEMENTATIONS = YES;
				CLANG_WARN_DIRECT_OBJC_ISA_USAGE = YES_ERROR;
				CLANG_WARN_DOCUMENTATION_COMMENTS = YES;
				CLANG_WARN_EMPTY_BODY = YES;
				CLANG_WARN_ENUM_CONVERSION = YES;
				CLANG_WARN_INFINITE_RECURSION = YES;
				CLANG_WARN_INT_CONVERSION = YES;
				CLANG_WARN_NON_LITERAL_NULL_CONVERSION = YES;
				CLANG_WARN_OBJC_IMPLICIT_RETAIN_SELF = YES;
				CLANG_WARN_OBJC_LITERAL_CONVERSION = YES;
				CLANG_WARN_OBJC_ROOT_CLASS = YES_ERROR;
				CLANG_WARN_QUOTED_INCLUDE_IN_FRAMEWORK_HEADER = YES;
				CLANG_WARN_RANGE_LOOP_ANALYSIS = YES;
				CLANG_WARN_STRICT_PROTOTYPES = YES;
				CLANG_WARN_SUSPICIOUS_MOVE = YES;
				CLANG_WARN_UNGUARDED_AVAILABILITY = YES_AGGRESSIVE;
				CLANG_WARN_UNREACHABLE_CODE = YES;
				CLANG_WARN__DUPLICATE_METHOD_MATCH = YES;
				COPY_PHASE_STRIP = NO;
				DEBUG_INFORMATION_FORMAT = dwarf;
				ENABLE_STRICT_OBJC_MSGSEND = YES;
				ENABLE_TESTABILITY = YES;
				GCC_C_LANGUAGE_STANDARD = gnu11;
				GCC_DYNAMIC_NO_PIC = NO;
				GCC_NO_COMMON_BLOCKS = YES;
				GCC_OPTIMIZATION_LEVEL = 0;
				GCC_PREPROCESSOR_DEFINITIONS = (
					"DEBUG=1",
					"$(inherited)",
				);
				GCC_WARN_64_TO_32_BIT_CONVERSION = YES;
				GCC_WARN_ABOUT_RETURN_TYPE = YES_ERROR;
				GCC_WARN_UNDECLARED_SELECTOR = YES;
				GCC_WARN_UNINITIALIZED_AUTOS = YES_AGGRESSIVE;
				GCC_WARN_UNUSED_FUNCTION = YES;
				GCC_WARN_UNUSED_VARIABLE = YES;
				IPHONEOS_DEPLOYMENT_TARGET = 14.5;
				MTL_ENABLE_DEBUG_INFO = INCLUDE_SOURCE;
				MTL_FAST_MATH = YES;
				ONLY_ACTIVE_ARCH = YES;
				SDKROOT = iphoneos;
				SWIFT_ACTIVE_COMPILATION_CONDITIONS = DEBUG;
				SWIFT_OPTIMIZATION_LEVEL = "-Onone";
			};
			name = Debug;
		};
		68A5512726F155F3007E69DE /* Release */ = {
			isa = XCBuildConfiguration;
			buildSettings = {
				ALWAYS_SEARCH_USER_PATHS = NO;
				CLANG_ANALYZER_NONNULL = YES;
				CLANG_ANALYZER_NUMBER_OBJECT_CONVERSION = YES_AGGRESSIVE;
				CLANG_CXX_LANGUAGE_STANDARD = "gnu++14";
				CLANG_CXX_LIBRARY = "libc++";
				CLANG_ENABLE_MODULES = YES;
				CLANG_ENABLE_OBJC_ARC = YES;
				CLANG_ENABLE_OBJC_WEAK = YES;
				CLANG_WARN_BLOCK_CAPTURE_AUTORELEASING = YES;
				CLANG_WARN_BOOL_CONVERSION = YES;
				CLANG_WARN_COMMA = YES;
				CLANG_WARN_CONSTANT_CONVERSION = YES;
				CLANG_WARN_DEPRECATED_OBJC_IMPLEMENTATIONS = YES;
				CLANG_WARN_DIRECT_OBJC_ISA_USAGE = YES_ERROR;
				CLANG_WARN_DOCUMENTATION_COMMENTS = YES;
				CLANG_WARN_EMPTY_BODY = YES;
				CLANG_WARN_ENUM_CONVERSION = YES;
				CLANG_WARN_INFINITE_RECURSION = YES;
				CLANG_WARN_INT_CONVERSION = YES;
				CLANG_WARN_NON_LITERAL_NULL_CONVERSION = YES;
				CLANG_WARN_OBJC_IMPLICIT_RETAIN_SELF = YES;
				CLANG_WARN_OBJC_LITERAL_CONVERSION = YES;
				CLANG_WARN_OBJC_ROOT_CLASS = YES_ERROR;
				CLANG_WARN_QUOTED_INCLUDE_IN_FRAMEWORK_HEADER = YES;
				CLANG_WARN_RANGE_LOOP_ANALYSIS = YES;
				CLANG_WARN_STRICT_PROTOTYPES = YES;
				CLANG_WARN_SUSPICIOUS_MOVE = YES;
				CLANG_WARN_UNGUARDED_AVAILABILITY = YES_AGGRESSIVE;
				CLANG_WARN_UNREACHABLE_CODE = YES;
				CLANG_WARN__DUPLICATE_METHOD_MATCH = YES;
				COPY_PHASE_STRIP = NO;
				DEBUG_INFORMATION_FORMAT = "dwarf-with-dsym";
				ENABLE_NS_ASSERTIONS = NO;
				ENABLE_STRICT_OBJC_MSGSEND = YES;
				GCC_C_LANGUAGE_STANDARD = gnu11;
				GCC_NO_COMMON_BLOCKS = YES;
				GCC_WARN_64_TO_32_BIT_CONVERSION = YES;
				GCC_WARN_ABOUT_RETURN_TYPE = YES_ERROR;
				GCC_WARN_UNDECLARED_SELECTOR = YES;
				GCC_WARN_UNINITIALIZED_AUTOS = YES_AGGRESSIVE;
				GCC_WARN_UNUSED_FUNCTION = YES;
				GCC_WARN_UNUSED_VARIABLE = YES;
				IPHONEOS_DEPLOYMENT_TARGET = 14.5;
				MTL_ENABLE_DEBUG_INFO = NO;
				MTL_FAST_MATH = YES;
				SDKROOT = iphoneos;
				SWIFT_COMPILATION_MODE = wholemodule;
				SWIFT_OPTIMIZATION_LEVEL = "-O";
				VALIDATE_PRODUCT = YES;
			};
			name = Release;
		};
		68A5512926F155F3007E69DE /* Debug */ = {
			isa = XCBuildConfiguration;
			buildSettings = {
				ASSETCATALOG_COMPILER_APPICON_NAME = AppIcon;
				ASSETCATALOG_COMPILER_GLOBAL_ACCENT_COLOR_NAME = AccentColor;
				CODE_SIGN_STYLE = Automatic;
				INFOPLIST_FILE = GuessMusicalNote/App/Info.plist;
				LD_RUNPATH_SEARCH_PATHS = (
					"$(inherited)",
					"@executable_path/Frameworks",
				);
				PRODUCT_BUNDLE_IDENTIFIER = com.example.GuessMusicalNote;
				PRODUCT_NAME = "$(TARGET_NAME)";
				SWIFT_VERSION = 5.0;
				TARGETED_DEVICE_FAMILY = 1;
			};
			name = Debug;
		};
		68A5512A26F155F3007E69DE /* Release */ = {
			isa = XCBuildConfiguration;
			buildSettings = {
				ASSETCATALOG_COMPILER_APPICON_NAME = AppIcon;
				ASSETCATALOG_COMPILER_GLOBAL_ACCENT_COLOR_NAME = AccentColor;
				CODE_SIGN_STYLE = Automatic;
				INFOPLIST_FILE = GuessMusicalNote/App/Info.plist;
				LD_RUNPATH_SEARCH_PATHS = (
					"$(inherited)",
					"@executable_path/Frameworks",
				);
				PRODUCT_BUNDLE_IDENTIFIER = com.example.GuessMusicalNote;
				PRODUCT_NAME = "$(TARGET_NAME)";
				SWIFT_VERSION = 5.0;
				TARGETED_DEVICE_FAMILY = 1;
			};
			name = Release;
		};
/* End XCBuildConfiguration section */

/* Begin XCConfigurationList section */
		68A5510F26F155EF007E69DE /* Build configuration list for PBXProject "GuessMusicalNote" */ = {
			isa = XCConfigurationList;
			buildConfigurations = (
				68A5512626F155F3007E69DE /* Debug */,
				68A5512726F155F3007E69DE /* Release */,
			);
			defaultConfigurationIsVisible = 0;
			defaultConfigurationName = Release;
		};
		68A5512826F155F3007E69DE /* Build configuration list for PBXNativeTarget "GuessMusicalNote" */ = {
			isa = XCConfigurationList;
			buildConfigurations = (
				68A5512926F155F3007E69DE /* Debug */,
				68A5512A26F155F3007E69DE /* Release */,
			);
			defaultConfigurationIsVisible = 0;
			defaultConfigurationName = Release;
		};
/* End XCConfigurationList section */
	};
	rootObject = 68A5510C26F155EF007E69DE /* Project object */;
}
